
Microsoft Visual Studio Solution File, Format Version 12.00
# Visual Studio 15
VisualStudioVersion = 15.0.28307.421
MinimumVisualStudioVersion = 10.0.40219.1
Project("{888888A0-9F3D-457C-B088-3A5042F75D52}") = "code", "code.pyproj", "{572376E9-057F-43B2-981D-2A0F0805B1C6}"
EndProject
Global
	GlobalSection(SolutionConfigurationPlatforms) = preSolution
		Debug|Any CPU = Debug|Any CPU
		Release|Any CPU = Release|Any CPU
	EndGlobalSection
	GlobalSection(ProjectConfigurationPlatforms) = postSolution
		{572376E9-057F-43B2-981D-2A0F0805B1C6}.Debug|Any CPU.ActiveCfg = Debug|Any CPU
		{572376E9-057F-43B2-981D-2A0F0805B1C6}.Release|Any CPU.ActiveCfg = Release|Any CPU
	EndGlobalSection
	GlobalSection(SolutionProperties) = preSolution
		HideSolutionNode = FALSE
	EndGlobalSection
	GlobalSection(ExtensibilityGlobals) = postSolution
		SolutionGuid = {06FFC2CB-602F-44FB-8036-15DECFA4BC93}
	EndGlobalSection
EndGlobal
